// !$*UTF8*$!
{
	archiveVersion = 1;
	classes = {
	};
	objectVersion = 50;
	objects = {

/* Begin PBXBuildFile section */
		03D0A4C73EC503FD07B990B3 /* Pods_DemoObjc.framework in Frameworks */ = {isa = PBXBuildFile; fileRef = 2682E98751E409CDA70513A4 /* Pods_DemoObjc.framework */; };
		64E1028120FED6930073CBB9 /* AppDelegate.m in Sources */ = {isa = PBXBuildFile; fileRef = 64E1028020FED6930073CBB9 /* AppDelegate.m */; };
		64E1028420FED6930073CBB9 /* ViewController.m in Sources */ = {isa = PBXBuildFile; fileRef = 64E1028320FED6930073CBB9 /* ViewController.m */; };
		64E1028720FED6930073CBB9 /* Main.storyboard in Resources */ = {isa = PBXBuildFile; fileRef = 64E1028520FED6930073CBB9 /* Main.storyboard */; };
		64E1028920FED6940073CBB9 /* Assets.xcassets in Resources */ = {isa = PBXBuildFile; fileRef = 64E1028820FED6940073CBB9 /* Assets.xcassets */; };
		64E1028C20FED6940073CBB9 /* LaunchScreen.storyboard in Resources */ = {isa = PBXBuildFile; fileRef = 64E1028A20FED6940073CBB9 /* LaunchScreen.storyboard */; };
		64E1028F20FED6940073CBB9 /* main.m in Sources */ = {isa = PBXBuildFile; fileRef = 64E1028E20FED6940073CBB9 /* main.m */; };
/* End PBXBuildFile section */

/* Begin PBXFileReference section */
		2682E98751E409CDA70513A4 /* Pods_DemoObjc.framework */ = {isa = PBXFileReference; explicitFileType = wrapper.framework; includeInIndex = 0; path = Pods_DemoObjc.framework; sourceTree = BUILT_PRODUCTS_DIR; };
		64E1027C20FED6930073CBB9 /* DemoObjc.app */ = {isa = PBXFileReference; explicitFileType = wrapper.application; includeInIndex = 0; path = DemoObjc.app; sourceTree = BUILT_PRODUCTS_DIR; };
		64E1027F20FED6930073CBB9 /* AppDelegate.h */ = {isa = PBXFileReference; lastKnownFileType = sourcecode.c.h; path = AppDelegate.h; sourceTree = "<group>"; };
		64E1028020FED6930073CBB9 /* AppDelegate.m */ = {isa = PBXFileReference; lastKnownFileType = sourcecode.c.objc; path = AppDelegate.m; sourceTree = "<group>"; };
		64E1028220FED6930073CBB9 /* ViewController.h */ = {isa = PBXFileReference; lastKnownFileType = sourcecode.c.h; path = ViewController.h; sourceTree = "<group>"; };
		64E1028320FED6930073CBB9 /* ViewController.m */ = {isa = PBXFileReference; lastKnownFileType = sourcecode.c.objc; path = ViewController.m; sourceTree = "<group>"; };
		64E1028620FED6930073CBB9 /* Base */ = {isa = PBXFileReference; lastKnownFileType = file.storyboard; name = Base; path = Base.lproj/Main.storyboard; sourceTree = "<group>"; };
		64E1028820FED6940073CBB9 /* Assets.xcassets */ = {isa = PBXFileReference; lastKnownFileType = folder.assetcatalog; path = Assets.xcassets; sourceTree = "<group>"; };
		64E1028B20FED6940073CBB9 /* Base */ = {isa = PBXFileReference; lastKnownFileType = file.storyboard; name = Base; path = Base.lproj/LaunchScreen.storyboard; sourceTree = "<group>"; };
		64E1028D20FED6940073CBB9 /* Info.plist */ = {isa = PBXFileReference; lastKnownFileType = text.plist.xml; path = Info.plist; sourceTree = "<group>"; };
		64E1028E20FED6940073CBB9 /* main.m */ = {isa = PBXFileReference; lastKnownFileType = sourcecode.c.objc; path = main.m; sourceTree = "<group>"; };
		C155E312D6309F7B5BD64044 /* Pods-DemoObjc.debug.xcconfig */ = {isa = PBXFileReference; includeInIndex = 1; lastKnownFileType = text.xcconfig; name = "Pods-DemoObjc.debug.xcconfig"; path = "Pods/Target Support Files/Pods-DemoObjc/Pods-DemoObjc.debug.xcconfig"; sourceTree = "<group>"; };
		FCA6980B722F30FAAC342C88 /* Pods-DemoObjc.release.xcconfig */ = {isa = PBXFileReference; includeInIndex = 1; lastKnownFileType = text.xcconfig; name = "Pods-DemoObjc.release.xcconfig"; path = "Pods/Target Support Files/Pods-DemoObjc/Pods-DemoObjc.release.xcconfig"; sourceTree = "<group>"; };
/* End PBXFileReference section */

/* Begin PBXFrameworksBuildPhase section */
		64E1027920FED6930073CBB9 /* Frameworks */ = {
			isa = PBXFrameworksBuildPhase;
			buildActionMask = 2147483647;
			files = (
				03D0A4C73EC503FD07B990B3 /* Pods_DemoObjc.framework in Frameworks */,
			);
			runOnlyForDeploymentPostprocessing = 0;
		};
/* End PBXFrameworksBuildPhase section */

/* Begin PBXGroup section */
		64E1027320FED6930073CBB9 = {
			isa = PBXGroup;
			children = (
				64E1027E20FED6930073CBB9 /* DemoObjc */,
				64E1027D20FED6930073CBB9 /* Products */,
				76D356EE721139C765EC4B3E /* Pods */,
				E58A189A195A0364DB2B25DC /* Frameworks */,
			);
			sourceTree = "<group>";
		};
		64E1027D20FED6930073CBB9 /* Products */ = {
			isa = PBXGroup;
			children = (
				64E1027C20FED6930073CBB9 /* DemoObjc.app */,
			);
			name = Products;
			sourceTree = "<group>";
		};
		64E1027E20FED6930073CBB9 /* DemoObjc */ = {
			isa = PBXGroup;
			children = (
				64E1027F20FED6930073CBB9 /* AppDelegate.h */,
				64E1028020FED6930073CBB9 /* AppDelegate.m */,
				64E1028220FED6930073CBB9 /* ViewController.h */,
				64E1028320FED6930073CBB9 /* ViewController.m */,
				64E1028520FED6930073CBB9 /* Main.storyboard */,
				64E1028820FED6940073CBB9 /* Assets.xcassets */,
				64E1028A20FED6940073CBB9 /* LaunchScreen.storyboard */,
				64E1028D20FED6940073CBB9 /* Info.plist */,
				64E1028E20FED6940073CBB9 /* main.m */,
			);
			path = DemoObjc;
			sourceTree = "<group>";
		};
		76D356EE721139C765EC4B3E /* Pods */ = {
			isa = PBXGroup;
			children = (
				C155E312D6309F7B5BD64044 /* Pods-DemoObjc.debug.xcconfig */,
				FCA6980B722F30FAAC342C88 /* Pods-DemoObjc.release.xcconfig */,
			);
			name = Pods;
			sourceTree = "<group>";
		};
		E58A189A195A0364DB2B25DC /* Frameworks */ = {
			isa = PBXGroup;
			children = (
				2682E98751E409CDA70513A4 /* Pods_DemoObjc.framework */,
			);
			name = Frameworks;
			sourceTree = "<group>";
		};
/* End PBXGroup section */

/* Begin PBXNativeTarget section */
		64E1027B20FED6930073CBB9 /* DemoObjc */ = {
			isa = PBXNativeTarget;
			buildConfigurationList = 64E1029220FED6940073CBB9 /* Build configuration list for PBXNativeTarget "DemoObjc" */;
			buildPhases = (
				20BC99B738636B0E919DB83C /* [CP] Check Pods Manifest.lock */,
				64E1027820FED6930073CBB9 /* Sources */,
				64E1027920FED6930073CBB9 /* Frameworks */,
				64E1027A20FED6930073CBB9 /* Resources */,
				CC11C9918FF46ED8E391A33E /* [CP] Embed Pods Frameworks */,
			);
			buildRules = (
			);
			dependencies = (
			);
			name = DemoObjc;
			productName = DemoObjc;
			productReference = 64E1027C20FED6930073CBB9 /* DemoObjc.app */;
			productType = "com.apple.product-type.application";
		};
/* End PBXNativeTarget section */

/* Begin PBXProject section */
		64E1027420FED6930073CBB9 /* Project object */ = {
			isa = PBXProject;
			attributes = {
				LastUpgradeCheck = 0940;
				ORGANIZATIONNAME = takecian;
				TargetAttributes = {
					64E1027B20FED6930073CBB9 = {
						CreatedOnToolsVersion = 9.4.1;
					};
				};
			};
			buildConfigurationList = 64E1027720FED6930073CBB9 /* Build configuration list for PBXProject "DemoObjc" */;
			compatibilityVersion = "Xcode 9.3";
			developmentRegion = en;
			hasScannedForEncodings = 0;
			knownRegions = (
				en,
				Base,
			);
			mainGroup = 64E1027320FED6930073CBB9;
			productRefGroup = 64E1027D20FED6930073CBB9 /* Products */;
			projectDirPath = "";
			projectRoot = "";
			targets = (
				64E1027B20FED6930073CBB9 /* DemoObjc */,
			);
		};
/* End PBXProject section */

/* Begin PBXResourcesBuildPhase section */
		64E1027A20FED6930073CBB9 /* Resources */ = {
			isa = PBXResourcesBuildPhase;
			buildActionMask = 2147483647;
			files = (
				64E1028C20FED6940073CBB9 /* LaunchScreen.storyboard in Resources */,
				64E1028920FED6940073CBB9 /* Assets.xcassets in Resources */,
				64E1028720FED6930073CBB9 /* Main.storyboard in Resources */,
			);
			runOnlyForDeploymentPostprocessing = 0;
		};
/* End PBXResourcesBuildPhase section */

/* Begin PBXShellScriptBuildPhase section */
		20BC99B738636B0E919DB83C /* [CP] Check Pods Manifest.lock */ = {
			isa = PBXShellScriptBuildPhase;
			buildActionMask = 2147483647;
			files = (
			);
			inputPaths = (
				"${PODS_PODFILE_DIR_PATH}/Podfile.lock",
				"${PODS_ROOT}/Manifest.lock",
			);
			name = "[CP] Check Pods Manifest.lock";
			outputPaths = (
				"$(DERIVED_FILE_DIR)/Pods-DemoObjc-checkManifestLockResult.txt",
			);
			runOnlyForDeploymentPostprocessing = 0;
			shellPath = /bin/sh;
			shellScript = "diff \"${PODS_PODFILE_DIR_PATH}/Podfile.lock\" \"${PODS_ROOT}/Manifest.lock\" > /dev/null\nif [ $? != 0 ] ; then\n    # print error to STDERR\n    echo \"error: The sandbox is not in sync with the Podfile.lock. Run 'pod install' or update your CocoaPods installation.\" >&2\n    exit 1\nfi\n# This output is used by Xcode 'outputs' to avoid re-running this script phase.\necho \"SUCCESS\" > \"${SCRIPT_OUTPUT_FILE_0}\"\n";
			showEnvVarsInLog = 0;
		};
		CC11C9918FF46ED8E391A33E /* [CP] Embed Pods Frameworks */ = {
			isa = PBXShellScriptBuildPhase;
			buildActionMask = 2147483647;
			files = (
			);
			inputPaths = (
				"${SRCROOT}/Pods/Target Support Files/Pods-DemoObjc/Pods-DemoObjc-frameworks.sh",
				"${BUILT_PRODUCTS_DIR}/SwiftRater/SwiftRater.framework",
			);
			name = "[CP] Embed Pods Frameworks";
			outputPaths = (
				"${TARGET_BUILD_DIR}/${FRAMEWORKS_FOLDER_PATH}/SwiftRater.framework",
			);
			runOnlyForDeploymentPostprocessing = 0;
			shellPath = /bin/sh;
			shellScript = "\"${SRCROOT}/Pods/Target Support Files/Pods-DemoObjc/Pods-DemoObjc-frameworks.sh\"\n";
			showEnvVarsInLog = 0;
		};
/* End PBXShellScriptBuildPhase section */

/* Begin PBXSourcesBuildPhase section */
		64E1027820FED6930073CBB9 /* Sources */ = {
			isa = PBXSourcesBuildPhase;
			buildActionMask = 2147483647;
			files = (
				64E1028420FED6930073CBB9 /* ViewController.m in Sources */,
				64E1028F20FED6940073CBB9 /* main.m in Sources */,
				64E1028120FED6930073CBB9 /* AppDelegate.m in Sources */,
			);
			runOnlyForDeploymentPostprocessing = 0;
		};
/* End PBXSourcesBuildPhase section */

/* Begin PBXVariantGroup section */
		64E1028520FED6930073CBB9 /* Main.storyboard */ = {
			isa = PBXVariantGroup;
			children = (
				64E1028620FED6930073CBB9 /* Base */,
			);
			name = Main.storyboard;
			sourceTree = "<group>";
		};
		64E1028A20FED6940073CBB9 /* LaunchScreen.storyboard */ = {
			isa = PBXVariantGroup;
			children = (
				64E1028B20FED6940073CBB9 /* Base */,
			);
			name = LaunchScreen.storyboard;
			sourceTree = "<group>";
		};
/* End PBXVariantGroup section */

/* Begin XCBuildConfiguration section */
		64E1029020FED6940073CBB9 /* Debug */ = {
			isa = XCBuildConfiguration;
			buildSettings = {
				ALWAYS_SEARCH_USER_PATHS = NO;
				CLANG_ANALYZER_NONNULL = YES;
				CLANG_ANALYZER_NUMBER_OBJECT_CONVERSION = YES_AGGRESSIVE;
				CLANG_CXX_LANGUAGE_STANDARD = "gnu++14";
				CLANG_CXX_LIBRARY = "libc++";
				CLANG_ENABLE_MODULES = YES;
				CLANG_ENABLE_OBJC_ARC = YES;
				CLANG_ENABLE_OBJC_WEAK = YES;
				CLANG_WARN_BLOCK_CAPTURE_AUTORELEASING = YES;
				CLANG_WARN_BOOL_CONVERSION = YES;
				CLANG_WARN_COMMA = YES;
				CLANG_WARN_CONSTANT_CONVERSION = YES;
				CLANG_WARN_DEPRECATED_OBJC_IMPLEMENTATIONS = YES;
				CLANG_WARN_DIRECT_OBJC_ISA_USAGE = YES_ERROR;
				CLANG_WARN_DOCUMENTATION_COMMENTS = YES;
				CLANG_WARN_EMPTY_BODY = YES;
				CLANG_WARN_ENUM_CONVERSION = YES;
				CLANG_WARN_INFINITE_RECURSION = YES;
				CLANG_WARN_INT_CONVERSION = YES;
				CLANG_WARN_NON_LITERAL_NULL_CONVERSION = YES;
				CLANG_WARN_OBJC_IMPLICIT_RETAIN_SELF = YES;
				CLANG_WARN_OBJC_LITERAL_CONVERSION = YES;
				CLANG_WARN_OBJC_ROOT_CLASS = YES_ERROR;
				CLANG_WARN_RANGE_LOOP_ANALYSIS = YES;
				CLANG_WARN_STRICT_PROTOTYPES = YES;
				CLANG_WARN_SUSPICIOUS_MOVE = YES;
				CLANG_WARN_UNGUARDED_AVAILABILITY = YES_AGGRESSIVE;
				CLANG_WARN_UNREACHABLE_CODE = YES;
				CLANG_WARN__DUPLICATE_METHOD_MATCH = YES;
				CODE_SIGN_IDENTITY = "iPhone Developer";
				COPY_PHASE_STRIP = NO;
				DEBUG_INFORMATION_FORMAT = dwarf;
				ENABLE_STRICT_OBJC_MSGSEND = YES;
				ENABLE_TESTABILITY = YES;
				GCC_C_LANGUAGE_STANDARD = gnu11;
				GCC_DYNAMIC_NO_PIC = NO;
				GCC_NO_COMMON_BLOCKS = YES;
				GCC_OPTIMIZATION_LEVEL = 0;
				GCC_PREPROCESSOR_DEFINITIONS = (
					"DEBUG=1",
					"$(inherited)",
				);
				GCC_WARN_64_TO_32_BIT_CONVERSION = YES;
				GCC_WARN_ABOUT_RETURN_TYPE = YES_ERROR;
				GCC_WARN_UNDECLARED_SELECTOR = YES;
				GCC_WARN_UNINITIALIZED_AUTOS = YES_AGGRESSIVE;
				GCC_WARN_UNUSED_FUNCTION = YES;
				GCC_WARN_UNUSED_VARIABLE = YES;
				IPHONEOS_DEPLOYMENT_TARGET = 10.0;
				MTL_ENABLE_DEBUG_INFO = YES;
				ONLY_ACTIVE_ARCH = YES;
				SDKROOT = iphoneos;
			};
			name = Debug;
		};
		64E1029120FED6940073CBB9 /* Release */ = {
			isa = XCBuildConfiguration;
			buildSettings = {
				ALWAYS_SEARCH_USER_PATHS = NO;
				CLANG_ANALYZER_NONNULL = YES;
				CLANG_ANALYZER_NUMBER_OBJECT_CONVERSION = YES_AGGRESSIVE;
				CLANG_CXX_LANGUAGE_STANDARD = "gnu++14";
				CLANG_CXX_LIBRARY = "libc++";
				CLANG_ENABLE_MODULES = YES;
				CLANG_ENABLE_OBJC_ARC = YES;
				CLANG_ENABLE_OBJC_WEAK = YES;
				CLANG_WARN_BLOCK_CAPTURE_AUTORELEASING = YES;
				CLANG_WARN_BOOL_CONVERSION = YES;
				CLANG_WARN_COMMA = YES;
				CLANG_WARN_CONSTANT_CONVERSION = YES;
				CLANG_WARN_DEPRECATED_OBJC_IMPLEMENTATIONS = YES;
				CLANG_WARN_DIRECT_OBJC_ISA_USAGE = YES_ERROR;
				CLANG_WARN_DOCUMENTATION_COMMENTS = YES;
				CLANG_WARN_EMPTY_BODY = YES;
				CLANG_WARN_ENUM_CONVERSION = YES;
				CLANG_WARN_INFINITE_RECURSION = YES;
				CLANG_WARN_INT_CONVERSION = YES;
				CLANG_WARN_NON_LITERAL_NULL_CONVERSION = YES;
				CLANG_WARN_OBJC_IMPLICIT_RETAIN_SELF = YES;
				CLANG_WARN_OBJC_LITERAL_CONVERSION = YES;
				CLANG_WARN_OBJC_ROOT_CLASS = YES_ERROR;
				CLANG_WARN_RANGE_LOOP_ANALYSIS = YES;
				CLANG_WARN_STRICT_PROTOTYPES = YES;
				CLANG_WARN_SUSPICIOUS_MOVE = YES;
				CLANG_WARN_UNGUARDED_AVAILABILITY = YES_AGGRESSIVE;
				CLANG_WARN_UNREACHABLE_CODE = YES;
				CLANG_WARN__DUPLICATE_METHOD_MATCH = YES;
				CODE_SIGN_IDENTITY = "iPhone Developer";
				COPY_PHASE_STRIP = NO;
				DEBUG_INFORMATION_FORMAT = "dwarf-with-dsym";
				ENABLE_NS_ASSERTIONS = NO;
				ENABLE_STRICT_OBJC_MSGSEND = YES;
				GCC_C_LANGUAGE_STANDARD = gnu11;
				GCC_NO_COMMON_BLOCKS = YES;
				GCC_WARN_64_TO_32_BIT_CONVERSION = YES;
				GCC_WARN_ABOUT_RETURN_TYPE = YES_ERROR;
				GCC_WARN_UNDECLARED_SELECTOR = YES;
				GCC_WARN_UNINITIALIZED_AUTOS = YES_AGGRESSIVE;
				GCC_WARN_UNUSED_FUNCTION = YES;
				GCC_WARN_UNUSED_VARIABLE = YES;
				IPHONEOS_DEPLOYMENT_TARGET = 10.0;
				MTL_ENABLE_DEBUG_INFO = NO;
				SDKROOT = iphoneos;
				VALIDATE_PRODUCT = YES;
			};
			name = Release;
		};
		64E1029320FED6940073CBB9 /* Debug */ = {
			isa = XCBuildConfiguration;
			baseConfigurationReference = C155E312D6309F7B5BD64044 /* Pods-DemoObjc.debug.xcconfig */;
			buildSettings = {
				ASSETCATALOG_COMPILER_APPICON_NAME = AppIcon;
				CODE_SIGN_STYLE = Automatic;
				DEVELOPMENT_TEAM = 495G5CPHRQ;
				INFOPLIST_FILE = DemoObjc/Info.plist;
				LD_RUNPATH_SEARCH_PATHS = (
					"$(inherited)",
					"@executable_path/Frameworks",
				);
				PRODUCT_BUNDLE_IDENTIFIER = com.takecian.DemoObjc;
				PRODUCT_NAME = "$(TARGET_NAME)";
				TARGETED_DEVICE_FAMILY = "1,2";
			};
			name = Debug;
		};
		64E1029420FED6940073CBB9 /* Release */ = {
			isa = XCBuildConfiguration;
			baseConfigurationReference = FCA6980B722F30FAAC342C88 /* Pods-DemoObjc.release.xcconfig */;
			buildSettings = {
				ASSETCATALOG_COMPILER_APPICON_NAME = AppIcon;
				CODE_SIGN_STYLE = Automatic;
				DEVELOPMENT_TEAM = 495G5CPHRQ;
				INFOPLIST_FILE = DemoObjc/Info.plist;
				LD_RUNPATH_SEARCH_PATHS = (
					"$(inherited)",
					"@executable_path/Frameworks",
				);
				PRODUCT_BUNDLE_IDENTIFIER = com.takecian.DemoObjc;
				PRODUCT_NAME = "$(TARGET_NAME)";
				TARGETED_DEVICE_FAMILY = "1,2";
			};
			name = Release;
		};
/* End XCBuildConfiguration section */

/* Begin XCConfigurationList section */
		64E1027720FED6930073CBB9 /* Build configuration list for PBXProject "DemoObjc" */ = {
			isa = XCConfigurationList;
			buildConfigurations = (
				64E1029020FED6940073CBB9 /* Debug */,
				64E1029120FED6940073CBB9 /* Release */,
			);
			defaultConfigurationIsVisible = 0;
			defaultConfigurationName = Release;
		};
		64E1029220FED6940073CBB9 /* Build configuration list for PBXNativeTarget "DemoObjc" */ = {
			isa = XCConfigurationList;
			buildConfigurations = (
				64E1029320FED6940073CBB9 /* Debug */,
				64E1029420FED6940073CBB9 /* Release */,
			);
			defaultConfigurationIsVisible = 0;
			defaultConfigurationName = Release;
		};
/* End XCConfigurationList section */
	};
	rootObject = 64E1027420FED6930073CBB9 /* Project object */;
}
